
Microsoft Visual Studio Solution File, Format Version 12.00
Project("{FAE04EC0-301F-11D3-BF4B-00C04F79EFBC}") = "Coursework.WebAPI", "Coursework.WebAPI\Coursework.WebAPI.csproj", "{E62A7468-0516-460C-A147-B41F41AC468E}"
EndProject
Project("{FAE04EC0-301F-11D3-BF4B-00C04F79EFBC}") = "Coursework.Application", "Coursework.Application\Coursework.Application.csproj", "{2BE4BF75-53D1-4F8A-A12E-67B4B30FC526}"
EndProject
Project("{FAE04EC0-301F-11D3-BF4B-00C04F79EFBC}") = "Coursework.Infrastructure", "Coursework.Infrastructure\Coursework.Infrastructure.csproj", "{7B1A1062-EB36-4F48-AE95-3A6B36A9744B}"
EndProject
Project("{FAE04EC0-301F-11D3-BF4B-00C04F79EFBC}") = "Coursework.Domain", "Coursework.Domain\Coursework.Domain.csproj", "{3E7294A9-F4E8-4981-BCC3-0A8542542D25}"
EndProject
Global
	GlobalSection(SolutionConfigurationPlatforms) = preSolution
		Debug|Any CPU = Debug|Any CPU
		Release|Any CPU = Release|Any CPU
	EndGlobalSection
	GlobalSection(ProjectConfigurationPlatforms) = postSolution
		{E62A7468-0516-460C-A147-B41F41AC468E}.Debug|Any CPU.ActiveCfg = Debug|Any CPU
		{E62A7468-0516-460C-A147-B41F41AC468E}.Debug|Any CPU.Build.0 = Debug|Any CPU
		{E62A7468-0516-460C-A147-B41F41AC468E}.Release|Any CPU.ActiveCfg = Release|Any CPU
		{E62A7468-0516-460C-A147-B41F41AC468E}.Release|Any CPU.Build.0 = Release|Any CPU
		{2BE4BF75-53D1-4F8A-A12E-67B4B30FC526}.Debug|Any CPU.ActiveCfg = Debug|Any CPU
		{2BE4BF75-53D1-4F8A-A12E-67B4B30FC526}.Debug|Any CPU.Build.0 = Debug|Any CPU
		{2BE4BF75-53D1-4F8A-A12E-67B4B30FC526}.Release|Any CPU.ActiveCfg = Release|Any CPU
		{2BE4BF75-53D1-4F8A-A12E-67B4B30FC526}.Release|Any CPU.Build.0 = Release|Any CPU
		{7B1A1062-EB36-4F48-AE95-3A6B36A9744B}.Debug|Any CPU.ActiveCfg = Debug|Any CPU
		{7B1A1062-EB36-4F48-AE95-3A6B36A9744B}.Debug|Any CPU.Build.0 = Debug|Any CPU
		{7B1A1062-EB36-4F48-AE95-3A6B36A9744B}.Release|Any CPU.ActiveCfg = Release|Any CPU
		{7B1A1062-EB36-4F48-AE95-3A6B36A9744B}.Release|Any CPU.Build.0 = Release|Any CPU
		{3E7294A9-F4E8-4981-BCC3-0A8542542D25}.Debug|Any CPU.ActiveCfg = Debug|Any CPU
		{3E7294A9-F4E8-4981-BCC3-0A8542542D25}.Debug|Any CPU.Build.0 = Debug|Any CPU
		{3E7294A9-F4E8-4981-BCC3-0A8542542D25}.Release|Any CPU.ActiveCfg = Release|Any CPU
		{3E7294A9-F4E8-4981-BCC3-0A8542542D25}.Release|Any CPU.Build.0 = Release|Any CPU
	EndGlobalSection
EndGlobal
